
Microsoft Visual Studio Solution File, Format Version 12.00
# Visual Studio Version 17
VisualStudioVersion = 17.0.31903.59
MinimumVisualStudioVersion = 10.0.40219.1
Project("{9A19103F-16F7-4668-BE54-9A1E7A4F7556}") = "Consumer", "Consumer\Consumer.csproj", "{8718C0F3-37FB-4B2E-93E3-52014AEBE7A3}"
EndProject
Project("{9A19103F-16F7-4668-BE54-9A1E7A4F7556}") = "Publisher", "Publisher\Publisher.csproj", "{EE720AE0-543A-46F9-8FA2-A640D370972B}"
EndProject
Global
	GlobalSection(SolutionConfigurationPlatforms) = preSolution
		Debug|Any CPU = Debug|Any CPU
		Release|Any CPU = Release|Any CPU
	EndGlobalSection
	GlobalSection(ProjectConfigurationPlatforms) = postSolution
		{8718C0F3-37FB-4B2E-93E3-52014AEBE7A3}.Debug|Any CPU.ActiveCfg = Debug|Any CPU
		{8718C0F3-37FB-4B2E-93E3-52014AEBE7A3}.Debug|Any CPU.Build.0 = Debug|Any CPU
		{8718C0F3-37FB-4B2E-93E3-52014AEBE7A3}.Release|Any CPU.ActiveCfg = Release|Any CPU
		{8718C0F3-37FB-4B2E-93E3-52014AEBE7A3}.Release|Any CPU.Build.0 = Release|Any CPU
		{EE720AE0-543A-46F9-8FA2-A640D370972B}.Debug|Any CPU.ActiveCfg = Debug|Any CPU
		{EE720AE0-543A-46F9-8FA2-A640D370972B}.Debug|Any CPU.Build.0 = Debug|Any CPU
		{EE720AE0-543A-46F9-8FA2-A640D370972B}.Release|Any CPU.ActiveCfg = Release|Any CPU
		{EE720AE0-543A-46F9-8FA2-A640D370972B}.Release|Any CPU.Build.0 = Release|Any CPU
	EndGlobalSection
	GlobalSection(SolutionProperties) = preSolution
		HideSolutionNode = FALSE
	EndGlobalSection
	GlobalSection(ExtensibilityGlobals) = postSolution
		SolutionGuid = {85C59A3A-25DA-459E-ACE1-779D1E763A67}
	EndGlobalSection
EndGlobal
