
Microsoft Visual Studio Solution File, Format Version 12.00
# Visual Studio Version 17
VisualStudioVersion = 17.8.34330.188
MinimumVisualStudioVersion = 10.0.40219.1
Project("{9A19103F-16F7-4668-BE54-9A1E7A4F7556}") = "Send", "Send.csproj", "{DD8A3037-A177-4C37-8174-BF8BAC19C9B2}"
EndProject
Global
	GlobalSection(SolutionConfigurationPlatforms) = preSolution
		Debug|Any CPU = Debug|Any CPU
		Release|Any CPU = Release|Any CPU
	EndGlobalSection
	GlobalSection(ProjectConfigurationPlatforms) = postSolution
		{DD8A3037-A177-4C37-8174-BF8BAC19C9B2}.Debug|Any CPU.ActiveCfg = Debug|Any CPU
		{DD8A3037-A177-4C37-8174-BF8BAC19C9B2}.Debug|Any CPU.Build.0 = Debug|Any CPU
		{DD8A3037-A177-4C37-8174-BF8BAC19C9B2}.Release|Any CPU.ActiveCfg = Release|Any CPU
		{DD8A3037-A177-4C37-8174-BF8BAC19C9B2}.Release|Any CPU.Build.0 = Release|Any CPU
	EndGlobalSection
	GlobalSection(SolutionProperties) = preSolution
		HideSolutionNode = FALSE
	EndGlobalSection
	GlobalSection(ExtensibilityGlobals) = postSolution
		SolutionGuid = {B065F61F-9E47-4010-9A4C-1AB368786416}
	EndGlobalSection
EndGlobal
